
Microsoft Visual Studio Solution File, Format Version 12.00
# Visual Studio Version 17
VisualStudioVersion = 17.5.002.0
MinimumVisualStudioVersion = 10.0.40219.1
Project("{9A19103F-16F7-4668-BE54-9A1E7A4F7556}") = "PizzaStore", "PizzaStore.csproj", "{0D0837E7-B56F-4FD2-9E7F-2FCD3D26815B}"
EndProject
Global
	GlobalSection(SolutionConfigurationPlatforms) = preSolution
		Debug|Any CPU = Debug|Any CPU
		Release|Any CPU = Release|Any CPU
	EndGlobalSection
	GlobalSection(ProjectConfigurationPlatforms) = postSolution
		{0D0837E7-B56F-4FD2-9E7F-2FCD3D26815B}.Debug|Any CPU.ActiveCfg = Debug|Any CPU
		{0D0837E7-B56F-4FD2-9E7F-2FCD3D26815B}.Debug|Any CPU.Build.0 = Debug|Any CPU
		{0D0837E7-B56F-4FD2-9E7F-2FCD3D26815B}.Release|Any CPU.ActiveCfg = Release|Any CPU
		{0D0837E7-B56F-4FD2-9E7F-2FCD3D26815B}.Release|Any CPU.Build.0 = Release|Any CPU
	EndGlobalSection
	GlobalSection(SolutionProperties) = preSolution
		HideSolutionNode = FALSE
	EndGlobalSection
	GlobalSection(ExtensibilityGlobals) = postSolution
		SolutionGuid = {A9FC3BE3-4ADF-48D1-A038-DA7AA13ABB99}
	EndGlobalSection
EndGlobal
